# THIS IS AN AUTOGENERATED FILE. DO NOT EDIT THIS FILE DIRECTLY.
# yarn lockfile v1


react-load-image@^0.1.7:
  version "0.1.7"
  resolved "https://registry.yarnpkg.com/react-load-image/-/react-load-image-0.1.7.tgz#508243c8a80f0af2007ac9099430230e6ba4a2d4"
  integrity sha512-egW6vKvS/mG0onDx1t4XG6L2rgvZa/iO16ia+fomJN0UXjnwvvq/on7ttPR8ctohD7DGK7laXGSku00ifUJeig==
